
Microsoft Visual Studio Solution File, Format Version 12.00
# Visual Studio Version 17
VisualStudioVersion = 17.3.32922.545
MinimumVisualStudioVersion = 10.0.40219.1
Project("{9A19103F-16F7-4668-BE54-9A1E7A4F7556}") = "ConsoleUI", "ConsoleUI\ConsoleUI.csproj", "{AAD6AA73-3A8E-4A72-8292-2E46DD4ECCFB}"
EndProject
Project("{9A19103F-16F7-4668-BE54-9A1E7A4F7556}") = "Business", "Business\Business.csproj", "{7C6E19F7-3756-49FC-A2B8-FE110544E5D2}"
EndProject
Project("{9A19103F-16F7-4668-BE54-9A1E7A4F7556}") = "DataAccess", "DataAccess\DataAccess.csproj", "{EAECD8F4-ACE5-4684-818D-C5DF2BD0EFCE}"
EndProject
Project("{9A19103F-16F7-4668-BE54-9A1E7A4F7556}") = "Entities", "Entities\Entities.csproj", "{75876E0F-DFFE-4D3B-B460-7EBEFDA70981}"
EndProject
Project("{FAE04EC0-301F-11D3-BF4B-00C04F79EFBC}") = "Core", "Core\Core.csproj", "{114BB186-9F67-4611-8CD3-D7D3C9F7C68F}"
EndProject
Global
	GlobalSection(SolutionConfigurationPlatforms) = preSolution
		Debug|Any CPU = Debug|Any CPU
		Release|Any CPU = Release|Any CPU
	EndGlobalSection
	GlobalSection(ProjectConfigurationPlatforms) = postSolution
		{AAD6AA73-3A8E-4A72-8292-2E46DD4ECCFB}.Debug|Any CPU.ActiveCfg = Debug|Any CPU
		{AAD6AA73-3A8E-4A72-8292-2E46DD4ECCFB}.Debug|Any CPU.Build.0 = Debug|Any CPU
		{AAD6AA73-3A8E-4A72-8292-2E46DD4ECCFB}.Release|Any CPU.ActiveCfg = Release|Any CPU
		{AAD6AA73-3A8E-4A72-8292-2E46DD4ECCFB}.Release|Any CPU.Build.0 = Release|Any CPU
		{7C6E19F7-3756-49FC-A2B8-FE110544E5D2}.Debug|Any CPU.ActiveCfg = Debug|Any CPU
		{7C6E19F7-3756-49FC-A2B8-FE110544E5D2}.Debug|Any CPU.Build.0 = Debug|Any CPU
		{7C6E19F7-3756-49FC-A2B8-FE110544E5D2}.Release|Any CPU.ActiveCfg = Release|Any CPU
		{7C6E19F7-3756-49FC-A2B8-FE110544E5D2}.Release|Any CPU.Build.0 = Release|Any CPU
		{EAECD8F4-ACE5-4684-818D-C5DF2BD0EFCE}.Debug|Any CPU.ActiveCfg = Debug|Any CPU
		{EAECD8F4-ACE5-4684-818D-C5DF2BD0EFCE}.Debug|Any CPU.Build.0 = Debug|Any CPU
		{EAECD8F4-ACE5-4684-818D-C5DF2BD0EFCE}.Release|Any CPU.ActiveCfg = Release|Any CPU
		{EAECD8F4-ACE5-4684-818D-C5DF2BD0EFCE}.Release|Any CPU.Build.0 = Release|Any CPU
		{75876E0F-DFFE-4D3B-B460-7EBEFDA70981}.Debug|Any CPU.ActiveCfg = Debug|Any CPU
		{75876E0F-DFFE-4D3B-B460-7EBEFDA70981}.Debug|Any CPU.Build.0 = Debug|Any CPU
		{75876E0F-DFFE-4D3B-B460-7EBEFDA70981}.Release|Any CPU.ActiveCfg = Release|Any CPU
		{75876E0F-DFFE-4D3B-B460-7EBEFDA70981}.Release|Any CPU.Build.0 = Release|Any CPU
		{114BB186-9F67-4611-8CD3-D7D3C9F7C68F}.Debug|Any CPU.ActiveCfg = Debug|Any CPU
		{114BB186-9F67-4611-8CD3-D7D3C9F7C68F}.Debug|Any CPU.Build.0 = Debug|Any CPU
		{114BB186-9F67-4611-8CD3-D7D3C9F7C68F}.Release|Any CPU.ActiveCfg = Release|Any CPU
		{114BB186-9F67-4611-8CD3-D7D3C9F7C68F}.Release|Any CPU.Build.0 = Release|Any CPU
	EndGlobalSection
	GlobalSection(SolutionProperties) = preSolution
		HideSolutionNode = FALSE
	EndGlobalSection
	GlobalSection(ExtensibilityGlobals) = postSolution
		SolutionGuid = {6756F0AB-A1D1-43D4-A8CA-90C36EA6D083}
	EndGlobalSection
EndGlobal
